{
  "name": "socket-log-client",
  "version": "1.0.0",
  "lockfileVersion": 2,
  "requires": true,
  "packages": {
    "": {
      "name": "socket-log-client",
      "version": "1.0.0",
      "license": "MIT",
      "dependencies": {
        "systeminformation": "^5.10.0",
        "ws": "^8.2.0"
      },
      "devDependencies": {
        "@types/node": "18.6.0",
        "@types/ws": "^8.2.0"
      }
    },
    "node_modules/@types/node": {
      "version": "18.6.0",
      "resolved": "https://registry.npmjs.org/@types/node/-/node-18.6.0.tgz",
      "integrity": "sha512-WZ/6I1GL0DNAo4bb01lGGKTHH8BHJyECepf11kWONg3OJoHq2WYOm16Es1V54Er7NTUXsbDCpKRKdmBc4X2xhA==",
      "dev": true
    },
    "node_modules/@types/ws": {
      "version": "8.2.0",
      "resolved": "https://registry.npmjs.org/@types/ws/-/ws-8.2.0.tgz",
      "integrity": "sha512-cyeefcUCgJlEk+hk2h3N+MqKKsPViQgF5boi9TTHSK+PoR9KWBb/C5ccPcDyAqgsbAYHTwulch725DV84+pSpg==",
      "dev": true,
      "dependencies": {
        "@types/node": "*"
      }
    },
    "node_modules/bufferutil": {
      "version": "4.0.4",
      "resolved": "https://registry.npmjs.org/bufferutil/-/bufferutil-4.0.4.tgz",
      "integrity": "sha512-VNxjXUCrF3LvbLgwfkTb5LsFvk6pGIn7OBb9x+3o+iJ6mKw0JTUp4chBFc88hi1aspeZGeZG9jAIbpFYPQSLZw==",
      "hasInstallScript": true,
      "optional": true,
      "peer": true,
      "dependencies": {
        "node-gyp-build": "^4.2.0"
      },
      "engines": {
        "node": ">=6.14.2"
      }
    },
    "node_modules/node-gyp-build": {
      "version": "4.3.0",
      "resolved": "https://registry.npmjs.org/node-gyp-build/-/node-gyp-build-4.3.0.tgz",
      "integrity": "sha512-iWjXZvmboq0ja1pUGULQBexmxq8CV4xBhX7VDOTbL7ZR4FOowwY/VOtRxBN/yKxmdGoIp4j5ysNT4u3S2pDQ3Q==",
      "optional": true,
      "peer": true,
      "bin": {
        "node-gyp-build": "bin.js",
        "node-gyp-build-optional": "optional.js",
        "node-gyp-build-test": "build-test.js"
      }
    },
    "node_modules/systeminformation": {
      "version": "5.11.6",
      "resolved": "https://registry.npmjs.org/systeminformation/-/systeminformation-5.11.6.tgz",
      "integrity": "sha512-7KBXgdnIDxABQ93w+GrPSrK/pup73+fM09VGka4A/+FhgzdlRY0JNGGDFmV8BHnFuzP9zwlI3n64yDbp7emasQ==",
      "os": [
        "darwin",
        "linux",
        "win32",
        "freebsd",
        "openbsd",
        "netbsd",
        "sunos",
        "android"
      ],
      "bin": {
        "systeminformation": "lib/cli.js"
      },
      "engines": {
        "node": ">=8.0.0"
      },
      "funding": {
        "type": "Buy me a coffee",
        "url": "https://www.buymeacoffee.com/systeminfo"
      }
    },
    "node_modules/ws": {
      "version": "8.2.3",
      "resolved": "https://registry.npmjs.org/ws/-/ws-8.2.3.tgz",
      "integrity": "sha512-wBuoj1BDpC6ZQ1B7DWQBYVLphPWkm8i9Y0/3YdHjHKHiohOJ1ws+3OccDWtH+PoC9DZD5WOTrJvNbWvjS6JWaA==",
      "engines": {
        "node": ">=10.0.0"
      },
      "peerDependencies": {
        "bufferutil": "^4.0.1",
        "utf-8-validate": "^5.0.2"
      },
      "peerDependenciesMeta": {
        "bufferutil": {
          "optional": true
        },
        "utf-8-validate": {
          "optional": true
        }
      }
    }
  },
  "dependencies": {
    "@types/node": {
      "version": "18.6.0",
      "resolved": "https://registry.npmjs.org/@types/node/-/node-18.6.0.tgz",
      "integrity": "sha512-WZ/6I1GL0DNAo4bb01lGGKTHH8BHJyECepf11kWONg3OJoHq2WYOm16Es1V54Er7NTUXsbDCpKRKdmBc4X2xhA==",
      "dev": true
    },
    "@types/ws": {
      "version": "8.2.0",
      "resolved": "https://registry.npmjs.org/@types/ws/-/ws-8.2.0.tgz",
      "integrity": "sha512-cyeefcUCgJlEk+hk2h3N+MqKKsPViQgF5boi9TTHSK+PoR9KWBb/C5ccPcDyAqgsbAYHTwulch725DV84+pSpg==",
      "dev": true,
      "requires": {
        "@types/node": "*"
      }
    },
    "bufferutil": {
      "version": "4.0.4",
      "resolved": "https://registry.npmjs.org/bufferutil/-/bufferutil-4.0.4.tgz",
      "integrity": "sha512-VNxjXUCrF3LvbLgwfkTb5LsFvk6pGIn7OBb9x+3o+iJ6mKw0JTUp4chBFc88hi1aspeZGeZG9jAIbpFYPQSLZw==",
      "optional": true,
      "peer": true,
      "requires": {
        "node-gyp-build": "^4.2.0"
      }
    },
    "node-gyp-build": {
      "version": "4.3.0",
      "resolved": "https://registry.npmjs.org/node-gyp-build/-/node-gyp-build-4.3.0.tgz",
      "integrity": "sha512-iWjXZvmboq0ja1pUGULQBexmxq8CV4xBhX7VDOTbL7ZR4FOowwY/VOtRxBN/yKxmdGoIp4j5ysNT4u3S2pDQ3Q==",
      "optional": true,
      "peer": true
    },
    "systeminformation": {
      "version": "5.11.6",
      "resolved": "https://registry.npmjs.org/systeminformation/-/systeminformation-5.11.6.tgz",
      "integrity": "sha512-7KBXgdnIDxABQ93w+GrPSrK/pup73+fM09VGka4A/+FhgzdlRY0JNGGDFmV8BHnFuzP9zwlI3n64yDbp7emasQ=="
    },
    "ws": {
      "version": "8.2.3",
      "resolved": "https://registry.npmjs.org/ws/-/ws-8.2.3.tgz",
      "integrity": "sha512-wBuoj1BDpC6ZQ1B7DWQBYVLphPWkm8i9Y0/3YdHjHKHiohOJ1ws+3OccDWtH+PoC9DZD5WOTrJvNbWvjS6JWaA==",
      "requires": {}
    }
  }
}
